{
  "nodes": {
    "nixpkgs": {
      "locked": {
        "lastModified": 1779560665,
        "narHash": "sha256-tpyBcxPpcQb8ukyNF7DoCwfSY3VPsxHoYwj00Cayv5o=",
        "owner": "nixos",
        "repo": "nixpkgs",
        "rev": "64c08a7ca051951c8eae34e3e3cb1e202fe36786",
        "type": "github"
      },
      "original": {
        "owner": "nixos",
        "ref": "nixos-unstable",
        "repo": "nixpkgs",
        "type": "github"
      }
    },
    "plugins-lze": {
      "flake": false,
      "locked": {
        "lastModified": 1779072938,
        "narHash": "sha256-u51pEVISr/jthElqorjttpfK/V3/iDQmter5Upnt0XU=",
        "owner": "BirdeeHub",
        "repo": "lze",
        "rev": "1779386ec281b6c7fe7a5d3d501656ec345e9e37",
        "type": "github"
      },
      "original": {
        "owner": "BirdeeHub",
        "repo": "lze",
        "type": "github"
      }
    },
    "plugins-lzextras": {
      "flake": false,
      "locked": {
        "lastModified": 1779149362,
        "narHash": "sha256-neZA450ZP5nqaqp/uhQIEVVYBnYkvo0cBcC93F3D+Co=",
        "owner": "BirdeeHub",
        "repo": "lzextras",
        "rev": "138a1a08a8585520f3425a0e03390a534a376fdd",
        "type": "github"
      },
      "original": {
        "owner": "BirdeeHub",
        "repo": "lzextras",
        "type": "github"
      }
    },
    "root": {
      "inputs": {
        "nixpkgs": "nixpkgs",
        "plugins-lze": "plugins-lze",
        "plugins-lzextras": "plugins-lzextras",
        "wrappers": "wrappers"
      }
    },
    "wrappers": {
      "inputs": {
        "nixpkgs": [
          "nixpkgs"
        ]
      },
      "locked": {
        "lastModified": 1779698383,
        "narHash": "sha256-8B0VM13icJClvwK6ILfXHm9c5DuVUb2OZjC2UouFAYA=",
        "owner": "BirdeeHub",
        "repo": "nix-wrapper-modules",
        "rev": "0a1c7485f39141e461380239f804de2bd9f43322",
        "type": "github"
      },
      "original": {
        "owner": "BirdeeHub",
        "repo": "nix-wrapper-modules",
        "type": "github"
      }
    }
  },
  "root": "root",
  "version": 7
}
